
Microsoft Visual Studio Solution File, Format Version 12.00
# Visual Studio Version 16
VisualStudioVersion = 16.0.30907.101
MinimumVisualStudioVersion = 10.0.40219.1
Project("{8BC9CEB8-8B4A-11D0-8D11-00A0C91BC942}") = "xdr_rpc-all", "xdr_rpc-all.vcxproj", "{5F575CCD-7499-40D1-83CC-7DB4D01D9AE5}"
EndProject
Project("{2150E333-8FDC-42A3-9474-1A3956D46DE8}") = "files", "files", "{C29B5904-1251-4D15-AEEB-C1EC0D400566}"
	ProjectSection(SolutionItems) = preProject
		..\..\.gitignore = ..\..\.gitignore
		..\..\.gitmodules = ..\..\.gitmodules
		..\..\meson.build = ..\..\meson.build
		..\..\msbuild_all.bat = ..\..\msbuild_all.bat
		..\..\README.md = ..\..\README.md
	EndProjectSection
EndProject
Project("{2150E333-8FDC-42A3-9474-1A3956D46DE8}") = "projects", "projects", "{7157CD3F-776D-4E1F-B7FB-2D65691F9452}"
EndProject
Project("{8BC9CEB8-8B4A-11D0-8D11-00A0C91BC942}") = "xdr_rpc", "..\..\prj\core\xdr_rpc_vs\xdr_rpc.vcxproj", "{7FEB9B36-9BD8-4B82-8731-8D12F1D82524}"
	ProjectSection(ProjectDependencies) = postProject
		{5F575CCD-7499-40D1-83CC-7DB4D01D9AE5} = {5F575CCD-7499-40D1-83CC-7DB4D01D9AE5}
	EndProjectSection
EndProject
Project("{2150E333-8FDC-42A3-9474-1A3956D46DE8}") = "core", "core", "{1376EF86-8AA8-4F1F-BE76-EDAFF166EFFE}"
EndProject
Project("{2150E333-8FDC-42A3-9474-1A3956D46DE8}") = "utils", "utils", "{21261C4E-0929-45AC-A116-41219799D916}"
EndProject
Project("{8BC9CEB8-8B4A-11D0-8D11-00A0C91BC942}") = "rpc_bind", "..\..\prj\utils\rpc_bind_vs\rpc_bind.vcxproj", "{44C54DCB-1F12-4609-AFDD-1EA46F29861E}"
	ProjectSection(ProjectDependencies) = postProject
		{7FEB9B36-9BD8-4B82-8731-8D12F1D82524} = {7FEB9B36-9BD8-4B82-8731-8D12F1D82524}
	EndProjectSection
EndProject
Project("{2150E333-8FDC-42A3-9474-1A3956D46DE8}") = "scripts", "scripts", "{AFEB2424-9949-4986-9E2A-49409E35C891}"
EndProject
Project("{2150E333-8FDC-42A3-9474-1A3956D46DE8}") = ".cicd", ".cicd", "{44B058B0-7D28-432C-9A3E-867E7A089EA4}"
	ProjectSection(SolutionItems) = preProject
		..\..\scripts\.cicd\win_test_pull_to_master_build.bat = ..\..\scripts\.cicd\win_test_pull_to_master_build.bat
		..\..\scripts\.cicd\win_test_pull_to_master_test.bat = ..\..\scripts\.cicd\win_test_pull_to_master_test.bat
	EndProjectSection
EndProject
Project("{2150E333-8FDC-42A3-9474-1A3956D46DE8}") = "tests", "tests", "{FE90AB11-FE6C-4742-8785-B766946387EA}"
EndProject
Project("{8BC9CEB8-8B4A-11D0-8D11-00A0C91BC942}") = "googletest_getter", "..\..\prj\tests\googletest_mult\googletest_getter.vcxproj", "{E6F8B6C2-4CA9-4B3A-9A00-83D011DE88FA}"
EndProject
Global
	GlobalSection(SolutionConfigurationPlatforms) = preSolution
		Debug|ARM = Debug|ARM
		Debug|ARM64 = Debug|ARM64
		Debug|x64 = Debug|x64
		Debug|x86 = Debug|x86
		Release|ARM = Release|ARM
		Release|ARM64 = Release|ARM64
		Release|x64 = Release|x64
		Release|x86 = Release|x86
	EndGlobalSection
	GlobalSection(ProjectConfigurationPlatforms) = postSolution
		{5F575CCD-7499-40D1-83CC-7DB4D01D9AE5}.Debug|ARM.ActiveCfg = Debug|ARM
		{5F575CCD-7499-40D1-83CC-7DB4D01D9AE5}.Debug|ARM.Build.0 = Debug|ARM
		{5F575CCD-7499-40D1-83CC-7DB4D01D9AE5}.Debug|ARM64.ActiveCfg = Debug|ARM64
		{5F575CCD-7499-40D1-83CC-7DB4D01D9AE5}.Debug|ARM64.Build.0 = Debug|ARM64
		{5F575CCD-7499-40D1-83CC-7DB4D01D9AE5}.Debug|x64.ActiveCfg = Debug|x64
		{5F575CCD-7499-40D1-83CC-7DB4D01D9AE5}.Debug|x64.Build.0 = Debug|x64
		{5F575CCD-7499-40D1-83CC-7DB4D01D9AE5}.Debug|x86.ActiveCfg = Debug|Win32
		{5F575CCD-7499-40D1-83CC-7DB4D01D9AE5}.Debug|x86.Build.0 = Debug|Win32
		{5F575CCD-7499-40D1-83CC-7DB4D01D9AE5}.Release|ARM.ActiveCfg = Release|ARM
		{5F575CCD-7499-40D1-83CC-7DB4D01D9AE5}.Release|ARM.Build.0 = Release|ARM
		{5F575CCD-7499-40D1-83CC-7DB4D01D9AE5}.Release|ARM64.ActiveCfg = Release|ARM64
		{5F575CCD-7499-40D1-83CC-7DB4D01D9AE5}.Release|ARM64.Build.0 = Release|ARM64
		{5F575CCD-7499-40D1-83CC-7DB4D01D9AE5}.Release|x64.ActiveCfg = Release|x64
		{5F575CCD-7499-40D1-83CC-7DB4D01D9AE5}.Release|x64.Build.0 = Release|x64
		{5F575CCD-7499-40D1-83CC-7DB4D01D9AE5}.Release|x86.ActiveCfg = Release|Win32
		{5F575CCD-7499-40D1-83CC-7DB4D01D9AE5}.Release|x86.Build.0 = Release|Win32
		{7FEB9B36-9BD8-4B82-8731-8D12F1D82524}.Debug|ARM.ActiveCfg = Debug|ARM
		{7FEB9B36-9BD8-4B82-8731-8D12F1D82524}.Debug|ARM.Build.0 = Debug|ARM
		{7FEB9B36-9BD8-4B82-8731-8D12F1D82524}.Debug|ARM64.ActiveCfg = Debug|ARM64
		{7FEB9B36-9BD8-4B82-8731-8D12F1D82524}.Debug|ARM64.Build.0 = Debug|ARM64
		{7FEB9B36-9BD8-4B82-8731-8D12F1D82524}.Debug|x64.ActiveCfg = Debug|x64
		{7FEB9B36-9BD8-4B82-8731-8D12F1D82524}.Debug|x64.Build.0 = Debug|x64
		{7FEB9B36-9BD8-4B82-8731-8D12F1D82524}.Debug|x86.ActiveCfg = Debug|Win32
		{7FEB9B36-9BD8-4B82-8731-8D12F1D82524}.Debug|x86.Build.0 = Debug|Win32
		{7FEB9B36-9BD8-4B82-8731-8D12F1D82524}.Release|ARM.ActiveCfg = Release|ARM
		{7FEB9B36-9BD8-4B82-8731-8D12F1D82524}.Release|ARM.Build.0 = Release|ARM
		{7FEB9B36-9BD8-4B82-8731-8D12F1D82524}.Release|ARM64.ActiveCfg = Release|ARM64
		{7FEB9B36-9BD8-4B82-8731-8D12F1D82524}.Release|ARM64.Build.0 = Release|ARM64
		{7FEB9B36-9BD8-4B82-8731-8D12F1D82524}.Release|x64.ActiveCfg = Release|x64
		{7FEB9B36-9BD8-4B82-8731-8D12F1D82524}.Release|x64.Build.0 = Release|x64
		{7FEB9B36-9BD8-4B82-8731-8D12F1D82524}.Release|x86.ActiveCfg = Release|Win32
		{7FEB9B36-9BD8-4B82-8731-8D12F1D82524}.Release|x86.Build.0 = Release|Win32
		{44C54DCB-1F12-4609-AFDD-1EA46F29861E}.Debug|ARM.ActiveCfg = Debug|ARM
		{44C54DCB-1F12-4609-AFDD-1EA46F29861E}.Debug|ARM.Build.0 = Debug|ARM
		{44C54DCB-1F12-4609-AFDD-1EA46F29861E}.Debug|ARM64.ActiveCfg = Debug|ARM64
		{44C54DCB-1F12-4609-AFDD-1EA46F29861E}.Debug|ARM64.Build.0 = Debug|ARM64
		{44C54DCB-1F12-4609-AFDD-1EA46F29861E}.Debug|x64.ActiveCfg = Debug|x64
		{44C54DCB-1F12-4609-AFDD-1EA46F29861E}.Debug|x64.Build.0 = Debug|x64
		{44C54DCB-1F12-4609-AFDD-1EA46F29861E}.Debug|x86.ActiveCfg = Debug|Win32
		{44C54DCB-1F12-4609-AFDD-1EA46F29861E}.Debug|x86.Build.0 = Debug|Win32
		{44C54DCB-1F12-4609-AFDD-1EA46F29861E}.Release|ARM.ActiveCfg = Release|ARM
		{44C54DCB-1F12-4609-AFDD-1EA46F29861E}.Release|ARM.Build.0 = Release|ARM
		{44C54DCB-1F12-4609-AFDD-1EA46F29861E}.Release|ARM64.ActiveCfg = Release|ARM64
		{44C54DCB-1F12-4609-AFDD-1EA46F29861E}.Release|ARM64.Build.0 = Release|ARM64
		{44C54DCB-1F12-4609-AFDD-1EA46F29861E}.Release|x64.ActiveCfg = Release|x64
		{44C54DCB-1F12-4609-AFDD-1EA46F29861E}.Release|x64.Build.0 = Release|x64
		{44C54DCB-1F12-4609-AFDD-1EA46F29861E}.Release|x86.ActiveCfg = Release|Win32
		{44C54DCB-1F12-4609-AFDD-1EA46F29861E}.Release|x86.Build.0 = Release|Win32
		{E6F8B6C2-4CA9-4B3A-9A00-83D011DE88FA}.Debug|ARM.ActiveCfg = Debug|Win32
		{E6F8B6C2-4CA9-4B3A-9A00-83D011DE88FA}.Debug|ARM64.ActiveCfg = Debug|Win32
		{E6F8B6C2-4CA9-4B3A-9A00-83D011DE88FA}.Debug|x64.ActiveCfg = Debug|x64
		{E6F8B6C2-4CA9-4B3A-9A00-83D011DE88FA}.Debug|x64.Build.0 = Debug|x64
		{E6F8B6C2-4CA9-4B3A-9A00-83D011DE88FA}.Debug|x86.ActiveCfg = Debug|Win32
		{E6F8B6C2-4CA9-4B3A-9A00-83D011DE88FA}.Debug|x86.Build.0 = Debug|Win32
		{E6F8B6C2-4CA9-4B3A-9A00-83D011DE88FA}.Release|ARM.ActiveCfg = Release|Win32
		{E6F8B6C2-4CA9-4B3A-9A00-83D011DE88FA}.Release|ARM64.ActiveCfg = Release|Win32
		{E6F8B6C2-4CA9-4B3A-9A00-83D011DE88FA}.Release|x64.ActiveCfg = Release|x64
		{E6F8B6C2-4CA9-4B3A-9A00-83D011DE88FA}.Release|x64.Build.0 = Release|x64
		{E6F8B6C2-4CA9-4B3A-9A00-83D011DE88FA}.Release|x86.ActiveCfg = Release|Win32
		{E6F8B6C2-4CA9-4B3A-9A00-83D011DE88FA}.Release|x86.Build.0 = Release|Win32
	EndGlobalSection
	GlobalSection(SolutionProperties) = preSolution
		HideSolutionNode = FALSE
	EndGlobalSection
	GlobalSection(NestedProjects) = preSolution
		{7FEB9B36-9BD8-4B82-8731-8D12F1D82524} = {1376EF86-8AA8-4F1F-BE76-EDAFF166EFFE}
		{1376EF86-8AA8-4F1F-BE76-EDAFF166EFFE} = {7157CD3F-776D-4E1F-B7FB-2D65691F9452}
		{21261C4E-0929-45AC-A116-41219799D916} = {7157CD3F-776D-4E1F-B7FB-2D65691F9452}
		{44C54DCB-1F12-4609-AFDD-1EA46F29861E} = {21261C4E-0929-45AC-A116-41219799D916}
		{AFEB2424-9949-4986-9E2A-49409E35C891} = {C29B5904-1251-4D15-AEEB-C1EC0D400566}
		{44B058B0-7D28-432C-9A3E-867E7A089EA4} = {AFEB2424-9949-4986-9E2A-49409E35C891}
		{FE90AB11-FE6C-4742-8785-B766946387EA} = {7157CD3F-776D-4E1F-B7FB-2D65691F9452}
		{E6F8B6C2-4CA9-4B3A-9A00-83D011DE88FA} = {FE90AB11-FE6C-4742-8785-B766946387EA}
	EndGlobalSection
	GlobalSection(ExtensibilityGlobals) = postSolution
		SolutionGuid = {D479CABC-5803-43D8-9BBD-8BFBE1B13531}
	EndGlobalSection
EndGlobal
